
Microsoft Visual Studio Solution File, Format Version 12.00
# Visual Studio Version 17
VisualStudioVersion = 17.9.34310.174
MinimumVisualStudioVersion = 10.0.40219.1
Project("{9A19103F-16F7-4668-BE54-9A1E7A4F7556}") = "DesktopApp", "DesktopApp\DesktopApp.csproj", "{840665D2-9B60-4A42-A5A4-2FD113AE3046}"
EndProject
Project("{9A19103F-16F7-4668-BE54-9A1E7A4F7556}") = "Docs", "Docs\Docs.csproj", "{D3E138B9-2BF7-4F27-917F-27F96F34231E}"
EndProject
Project("{2150E333-8FDC-42A3-9474-1A3956D46DE8}") = "Misc", "Misc", "{8F16D4A9-47BA-4072-B9B4-FC8E83D88861}"
	ProjectSection(SolutionItems) = preProject
		.gitignore = .gitignore
		README.md = README.md
	EndProjectSection
EndProject
Project("{9A19103F-16F7-4668-BE54-9A1E7A4F7556}") = "BinUtils", "BinUtils\BinUtils.csproj", "{DCD97848-145F-45C0-8EC9-D68A7E421F1A}"
EndProject
Project("{FAE04EC0-301F-11D3-BF4B-00C04F79EFBC}") = "Emulator", "Emulator\Emulator.csproj", "{563FCC08-C537-43A3-98DA-85CD48753579}"
EndProject
Global
	GlobalSection(SolutionConfigurationPlatforms) = preSolution
		Debug|Any CPU = Debug|Any CPU
		Release|Any CPU = Release|Any CPU
	EndGlobalSection
	GlobalSection(ProjectConfigurationPlatforms) = postSolution
		{840665D2-9B60-4A42-A5A4-2FD113AE3046}.Debug|Any CPU.ActiveCfg = Debug|Any CPU
		{840665D2-9B60-4A42-A5A4-2FD113AE3046}.Debug|Any CPU.Build.0 = Debug|Any CPU
		{840665D2-9B60-4A42-A5A4-2FD113AE3046}.Release|Any CPU.ActiveCfg = Release|Any CPU
		{840665D2-9B60-4A42-A5A4-2FD113AE3046}.Release|Any CPU.Build.0 = Release|Any CPU
		{D3E138B9-2BF7-4F27-917F-27F96F34231E}.Debug|Any CPU.ActiveCfg = Debug|Any CPU
		{D3E138B9-2BF7-4F27-917F-27F96F34231E}.Debug|Any CPU.Build.0 = Debug|Any CPU
		{D3E138B9-2BF7-4F27-917F-27F96F34231E}.Release|Any CPU.ActiveCfg = Release|Any CPU
		{D3E138B9-2BF7-4F27-917F-27F96F34231E}.Release|Any CPU.Build.0 = Release|Any CPU
		{DCD97848-145F-45C0-8EC9-D68A7E421F1A}.Debug|Any CPU.ActiveCfg = Debug|Any CPU
		{DCD97848-145F-45C0-8EC9-D68A7E421F1A}.Debug|Any CPU.Build.0 = Debug|Any CPU
		{DCD97848-145F-45C0-8EC9-D68A7E421F1A}.Release|Any CPU.ActiveCfg = Release|Any CPU
		{DCD97848-145F-45C0-8EC9-D68A7E421F1A}.Release|Any CPU.Build.0 = Release|Any CPU
		{563FCC08-C537-43A3-98DA-85CD48753579}.Debug|Any CPU.ActiveCfg = Debug|Any CPU
		{563FCC08-C537-43A3-98DA-85CD48753579}.Debug|Any CPU.Build.0 = Debug|Any CPU
		{563FCC08-C537-43A3-98DA-85CD48753579}.Release|Any CPU.ActiveCfg = Release|Any CPU
		{563FCC08-C537-43A3-98DA-85CD48753579}.Release|Any CPU.Build.0 = Release|Any CPU
	EndGlobalSection
	GlobalSection(SolutionProperties) = preSolution
		HideSolutionNode = FALSE
	EndGlobalSection
	GlobalSection(ExtensibilityGlobals) = postSolution
		SolutionGuid = {E25A0773-33C7-41F0-9C15-C14EA32C334F}
	EndGlobalSection
EndGlobal
